
Microsoft Visual Studio Solution File, Format Version 12.00
# Visual Studio Version 16
VisualStudioVersion = 16.0.34902.97
MinimumVisualStudioVersion = 10.0.40219.1
Project("{FAE04EC0-301F-11D3-BF4B-00C04F79EFBC}") = "Assignment_02", "Assignment_02\Assignment_02.csproj", "{EB6A0AA9-2DDE-4DD7-9635-BCCA951FD30A}"
EndProject
Global
	GlobalSection(SolutionConfigurationPlatforms) = preSolution
		Debug|Any CPU = Debug|Any CPU
		Release|Any CPU = Release|Any CPU
	EndGlobalSection
	GlobalSection(ProjectConfigurationPlatforms) = postSolution
		{EB6A0AA9-2DDE-4DD7-9635-BCCA951FD30A}.Debug|Any CPU.ActiveCfg = Debug|Any CPU
		{EB6A0AA9-2DDE-4DD7-9635-BCCA951FD30A}.Debug|Any CPU.Build.0 = Debug|Any CPU
		{EB6A0AA9-2DDE-4DD7-9635-BCCA951FD30A}.Release|Any CPU.ActiveCfg = Release|Any CPU
		{EB6A0AA9-2DDE-4DD7-9635-BCCA951FD30A}.Release|Any CPU.Build.0 = Release|Any CPU
	EndGlobalSection
	GlobalSection(SolutionProperties) = preSolution
		HideSolutionNode = FALSE
	EndGlobalSection
	GlobalSection(ExtensibilityGlobals) = postSolution
		SolutionGuid = {D1A5DE94-C53D-46FC-8276-BD168EF0E649}
	EndGlobalSection
EndGlobal
