
Microsoft Visual Studio Solution File, Format Version 12.00
# Visual Studio Version 16
VisualStudioVersion = 16.0.34902.97
MinimumVisualStudioVersion = 10.0.40219.1
Project("{FAE04EC0-301F-11D3-BF4B-00C04F79EFBC}") = "Assignment5", "Assignment5\Assignment5.csproj", "{C55AF117-4EA2-4721-9034-396E657766BE}"
EndProject
Global
	GlobalSection(SolutionConfigurationPlatforms) = preSolution
		Debug|Any CPU = Debug|Any CPU
		Release|Any CPU = Release|Any CPU
	EndGlobalSection
	GlobalSection(ProjectConfigurationPlatforms) = postSolution
		{C55AF117-4EA2-4721-9034-396E657766BE}.Debug|Any CPU.ActiveCfg = Debug|Any CPU
		{C55AF117-4EA2-4721-9034-396E657766BE}.Debug|Any CPU.Build.0 = Debug|Any CPU
		{C55AF117-4EA2-4721-9034-396E657766BE}.Release|Any CPU.ActiveCfg = Release|Any CPU
		{C55AF117-4EA2-4721-9034-396E657766BE}.Release|Any CPU.Build.0 = Release|Any CPU
	EndGlobalSection
	GlobalSection(SolutionProperties) = preSolution
		HideSolutionNode = FALSE
	EndGlobalSection
	GlobalSection(ExtensibilityGlobals) = postSolution
		SolutionGuid = {FC66472F-5DD2-45E2-BFA0-26B99FBFE3D9}
	EndGlobalSection
EndGlobal
