
Microsoft Visual Studio Solution File, Format Version 12.00
# Visual Studio Version 16
VisualStudioVersion = 16.0.34902.97
MinimumVisualStudioVersion = 10.0.40219.1
Project("{FAE04EC0-301F-11D3-BF4B-00C04F79EFBC}") = "program6", "program6\program6.csproj", "{CED2F947-D83D-49A7-8192-C974D56A964D}"
EndProject
Global
	GlobalSection(SolutionConfigurationPlatforms) = preSolution
		Debug|Any CPU = Debug|Any CPU
		Release|Any CPU = Release|Any CPU
	EndGlobalSection
	GlobalSection(ProjectConfigurationPlatforms) = postSolution
		{CED2F947-D83D-49A7-8192-C974D56A964D}.Debug|Any CPU.ActiveCfg = Debug|Any CPU
		{CED2F947-D83D-49A7-8192-C974D56A964D}.Debug|Any CPU.Build.0 = Debug|Any CPU
		{CED2F947-D83D-49A7-8192-C974D56A964D}.Release|Any CPU.ActiveCfg = Release|Any CPU
		{CED2F947-D83D-49A7-8192-C974D56A964D}.Release|Any CPU.Build.0 = Release|Any CPU
	EndGlobalSection
	GlobalSection(SolutionProperties) = preSolution
		HideSolutionNode = FALSE
	EndGlobalSection
	GlobalSection(ExtensibilityGlobals) = postSolution
		SolutionGuid = {524EA83B-483F-454C-B817-661AC4320CC3}
	EndGlobalSection
EndGlobal
