
Microsoft Visual Studio Solution File, Format Version 12.00
# Visual Studio Version 16
VisualStudioVersion = 16.0.34902.97
MinimumVisualStudioVersion = 10.0.40219.1
Project("{FAE04EC0-301F-11D3-BF4B-00C04F79EFBC}") = "CC4", "CC4\CC4.csproj", "{A500A3A3-44D9-42EC-A22D-0F112EE4DB3C}"
EndProject
Global
	GlobalSection(SolutionConfigurationPlatforms) = preSolution
		Debug|Any CPU = Debug|Any CPU
		Release|Any CPU = Release|Any CPU
	EndGlobalSection
	GlobalSection(ProjectConfigurationPlatforms) = postSolution
		{A500A3A3-44D9-42EC-A22D-0F112EE4DB3C}.Debug|Any CPU.ActiveCfg = Debug|Any CPU
		{A500A3A3-44D9-42EC-A22D-0F112EE4DB3C}.Debug|Any CPU.Build.0 = Debug|Any CPU
		{A500A3A3-44D9-42EC-A22D-0F112EE4DB3C}.Release|Any CPU.ActiveCfg = Release|Any CPU
		{A500A3A3-44D9-42EC-A22D-0F112EE4DB3C}.Release|Any CPU.Build.0 = Release|Any CPU
	EndGlobalSection
	GlobalSection(SolutionProperties) = preSolution
		HideSolutionNode = FALSE
	EndGlobalSection
	GlobalSection(ExtensibilityGlobals) = postSolution
		SolutionGuid = {485F5C03-E10D-44F8-820E-DB214C32B703}
	EndGlobalSection
EndGlobal
