
Microsoft Visual Studio Solution File, Format Version 12.00
# Visual Studio Version 16
VisualStudioVersion = 16.0.34902.97
MinimumVisualStudioVersion = 10.0.40219.1
Project("{FAE04EC0-301F-11D3-BF4B-00C04F79EFBC}") = "Demo_02", "Demo_02\Demo_02.csproj", "{88EB8D22-007A-4FD5-B22D-C04D65F7D9A2}"
EndProject
Global
	GlobalSection(SolutionConfigurationPlatforms) = preSolution
		Debug|Any CPU = Debug|Any CPU
		Release|Any CPU = Release|Any CPU
	EndGlobalSection
	GlobalSection(ProjectConfigurationPlatforms) = postSolution
		{88EB8D22-007A-4FD5-B22D-C04D65F7D9A2}.Debug|Any CPU.ActiveCfg = Debug|Any CPU
		{88EB8D22-007A-4FD5-B22D-C04D65F7D9A2}.Debug|Any CPU.Build.0 = Debug|Any CPU
		{88EB8D22-007A-4FD5-B22D-C04D65F7D9A2}.Release|Any CPU.ActiveCfg = Release|Any CPU
		{88EB8D22-007A-4FD5-B22D-C04D65F7D9A2}.Release|Any CPU.Build.0 = Release|Any CPU
	EndGlobalSection
	GlobalSection(SolutionProperties) = preSolution
		HideSolutionNode = FALSE
	EndGlobalSection
	GlobalSection(ExtensibilityGlobals) = postSolution
		SolutionGuid = {3B858937-F31D-4AB7-8AFF-2CEBB17F5D34}
	EndGlobalSection
EndGlobal
